// !$*UTF8*$!
{
	archiveVersion = 1;
	classes = {
	};
	objectVersion = 46;
	objects = {

/* Begin PBXBuildFile section */
		634256ECB0A54D1E26C44D2C /* main.cpp in Sources */ = {isa = PBXBuildFile; fileRef = 42D362542DBF884675A55094 /* main.cpp */; };
/* End PBXBuildFile section */

/* Begin PBXFileReference section */
		16D3705701BF964949A55E97 /* DRMApproximation */ = {isa = PBXFileReference; explicitFileType = "compiled.mach-o.executable"; includeInIndex = 0; path = DRMApproximation; sourceTree = BUILT_PRODUCTS_DIR; };
		360792C3397864F5BAE50903 /* os.h */ = {isa = PBXFileReference; lastKnownFileType = sourcecode.c.h; name = os.h; path = Headers/os.h; sourceTree = "<group>"; };
		42D362542DBF884675A55094 /* main.cpp */ = {isa = PBXFileReference; lastKnownFileType = sourcecode.cpp.cpp; name = main.cpp; path = Source/main.cpp; sourceTree = "<group>"; };
		560D8F3DF8FBB5EF8821957D /* Bit.h */ = {isa = PBXFileReference; lastKnownFileType = sourcecode.c.h; name = Bit.h; path = Headers/Bit.h; sourceTree = "<group>"; };
		79CB15C7C23BF9F906DACC07 /* Params.h */ = {isa = PBXFileReference; lastKnownFileType = sourcecode.c.h; name = Params.h; path = Headers/Params.h; sourceTree = "<group>"; };
/* End PBXFileReference section */

/* Begin PBXFrameworksBuildPhase section */
		0DC4D2470E77CF398259A087 /* Frameworks */ = {
			isa = PBXFrameworksBuildPhase;
			buildActionMask = 2147483647;
			files = (
			);
			runOnlyForDeploymentPostprocessing = 0;
		};
/* End PBXFrameworksBuildPhase section */

/* Begin PBXGroup section */
		20D885C0C52B2372D7636C00 /* Headers */ = {
			isa = PBXGroup;
			children = (
				560D8F3DF8FBB5EF8821957D /* Bit.h */,
				79CB15C7C23BF9F906DACC07 /* Params.h */,
				360792C3397864F5BAE50903 /* os.h */,
			);
			name = Headers;
			sourceTree = "<group>";
		};
		58872CEAFBD2B61C16A3832A /* Source */ = {
			isa = PBXGroup;
			children = (
				42D362542DBF884675A55094 /* main.cpp */,
			);
			name = Source;
			sourceTree = "<group>";
		};
		A6C936B49B3FADE6EA134CF4 /* Products */ = {
			isa = PBXGroup;
			children = (
				16D3705701BF964949A55E97 /* DRMApproximation */,
			);
			name = Products;
			sourceTree = "<group>";
		};
		FD951B8EA0E0A4C0BBB171CE /* DRMApproximation */ = {
			isa = PBXGroup;
			children = (
				20D885C0C52B2372D7636C00 /* Headers */,
				58872CEAFBD2B61C16A3832A /* Source */,
				A6C936B49B3FADE6EA134CF4 /* Products */,
			);
			name = DRMApproximation;
			sourceTree = "<group>";
		};
/* End PBXGroup section */

/* Begin PBXNativeTarget section */
		9633195DBC59490F23603F9D /* DRMApproximation */ = {
			isa = PBXNativeTarget;
			buildConfigurationList = FC001AA6FCB317987094E8E6 /* Build configuration list for PBXNativeTarget "DRMApproximation" */;
			buildPhases = (
				7DAC52E77E5F4FD9F2412127 /* Resources */,
				E7596C3EE80C69305BEE3A7E /* Sources */,
				0DC4D2470E77CF398259A087 /* Frameworks */,
			);
			buildRules = (
			);
			dependencies = (
			);
			name = DRMApproximation;
			productInstallPath = "$(HOME)/bin";
			productName = DRMApproximation;
			productReference = 16D3705701BF964949A55E97 /* DRMApproximation */;
			productType = "com.apple.product-type.tool";
		};
/* End PBXNativeTarget section */

/* Begin PBXProject section */
		08FB7793FE84155DC02AAC07 /* Project object */ = {
			isa = PBXProject;
			attributes = {
			};
			buildConfigurationList = 1DEB928908733DD80010E9CD /* Build configuration list for PBXProject "DRMApproximation" */;
			compatibilityVersion = "Xcode 3.2";
			developmentRegion = en;
			hasScannedForEncodings = 1;
			knownRegions = (
				en,
				Base,
			);
			mainGroup = FD951B8EA0E0A4C0BBB171CE /* DRMApproximation */;
			projectDirPath = "";
			projectRoot = "";
			targets = (
				9633195DBC59490F23603F9D /* DRMApproximation */,
			);
		};
/* End PBXProject section */

/* Begin PBXResourcesBuildPhase section */
		7DAC52E77E5F4FD9F2412127 /* Resources */ = {
			isa = PBXResourcesBuildPhase;
			buildActionMask = 2147483647;
			files = (
			);
			runOnlyForDeploymentPostprocessing = 0;
		};
/* End PBXResourcesBuildPhase section */

/* Begin PBXSourcesBuildPhase section */
		E7596C3EE80C69305BEE3A7E /* Sources */ = {
			isa = PBXSourcesBuildPhase;
			buildActionMask = 2147483647;
			files = (
				634256ECB0A54D1E26C44D2C /* main.cpp in Sources */,
			);
			runOnlyForDeploymentPostprocessing = 0;
		};
/* End PBXSourcesBuildPhase section */

/* Begin XCBuildConfiguration section */
		277D6BDD20E36D4F147ECA1D /* Debug */ = {
			isa = XCBuildConfiguration;
			buildSettings = {
				CLANG_CXX_LANGUAGE_STANDARD = "c++17";
				CONFIGURATION_BUILD_DIR = "$(SYMROOT)";
				CONFIGURATION_TEMP_DIR = "$(OBJROOT)";
				COPY_PHASE_STRIP = NO;
				GCC_ENABLE_FIX_AND_CONTINUE = YES;
				GCC_OPTIMIZATION_LEVEL = 0;
				GCC_PREPROCESSOR_DEFINITIONS = (
					MAC,
					DEBUG,
				);
				GCC_SYMBOLS_PRIVATE_EXTERN = NO;
				GCC_WARN_ABOUT_RETURN_TYPE = YES;
				GCC_WARN_UNUSED_VARIABLE = YES;
				OBJROOT = obj/x64/Debug;
				ONLY_ACTIVE_ARCH = YES;
				SYMROOT = Build/Debug;
			};
			name = Debug;
		};
		625B586C933F505EA65786AC /* Debug */ = {
			isa = XCBuildConfiguration;
			buildSettings = {
				ALWAYS_SEARCH_USER_PATHS = NO;
				CLANG_CXX_LANGUAGE_STANDARD = "c++17";
				CLANG_CXX_LIBRARY = "compiler-default";
				CONFIGURATION_BUILD_DIR = Build/Debug;
				DEBUG_INFORMATION_FORMAT = "dwarf-with-dsym";
				GCC_DYNAMIC_NO_PIC = NO;
				INSTALL_PATH = /usr/local/bin;
				PRODUCT_NAME = DRMApproximation;
			};
			name = Debug;
		};
		AD563E66A717FAD8E116FCA6 /* Release */ = {
			isa = XCBuildConfiguration;
			buildSettings = {
				ALWAYS_SEARCH_USER_PATHS = NO;
				CLANG_CXX_LANGUAGE_STANDARD = "c++17";
				CLANG_CXX_LIBRARY = "compiler-default";
				CONFIGURATION_BUILD_DIR = Build/Release;
				DEBUG_INFORMATION_FORMAT = "dwarf-with-dsym";
				GCC_DYNAMIC_NO_PIC = NO;
				INSTALL_PATH = /usr/local/bin;
				PRODUCT_NAME = DRMApproximation;
			};
			name = Release;
		};
		F0EFB157DBDBD74923C19F97 /* Release */ = {
			isa = XCBuildConfiguration;
			buildSettings = {
				CLANG_CXX_LANGUAGE_STANDARD = "c++17";
				CONFIGURATION_BUILD_DIR = "$(SYMROOT)";
				CONFIGURATION_TEMP_DIR = "$(OBJROOT)";
				GCC_OPTIMIZATION_LEVEL = 3;
				GCC_PREPROCESSOR_DEFINITIONS = (
					MAC,
					NDEBUG,
				);
				GCC_SYMBOLS_PRIVATE_EXTERN = NO;
				GCC_WARN_ABOUT_RETURN_TYPE = YES;
				GCC_WARN_UNUSED_VARIABLE = YES;
				OBJROOT = obj/x64/Release;
				ONLY_ACTIVE_ARCH = NO;
				SYMROOT = Build/Release;
			};
			name = Release;
		};
/* End XCBuildConfiguration section */

/* Begin XCConfigurationList section */
		1DEB928908733DD80010E9CD /* Build configuration list for PBXProject "DRMApproximation" */ = {
			isa = XCConfigurationList;
			buildConfigurations = (
				277D6BDD20E36D4F147ECA1D /* Debug */,
				F0EFB157DBDBD74923C19F97 /* Release */,
			);
			defaultConfigurationIsVisible = 0;
			defaultConfigurationName = Debug;
		};
		FC001AA6FCB317987094E8E6 /* Build configuration list for PBXNativeTarget "DRMApproximation" */ = {
			isa = XCConfigurationList;
			buildConfigurations = (
				625B586C933F505EA65786AC /* Debug */,
				AD563E66A717FAD8E116FCA6 /* Release */,
			);
			defaultConfigurationIsVisible = 0;
			defaultConfigurationName = Debug;
		};
/* End XCConfigurationList section */
	};
	rootObject = 08FB7793FE84155DC02AAC07 /* Project object */;
}
